[
  {
    "id": "98eb6526982bb8aae8eec6e8781f4539fa19e049",
    "info": {
      "author": "Ryan Oldenburg",
      "description": "SIMD-optimized hashing, checksums and CRCs",
      "license": "MIT",
      "backend": "",
      "paths": [],
      "requires": [
        [
          "nim >= 1.4.8"
        ],
        [
          "nimsimd >= 1.2.4"
        ]
      ],
      "bin": [],
      "binDir": ".",
      "srcDir": "src",
      "namedBin": {},
      "features": {}
    },
    "version": {
      "major": 0,
      "minor": 1,
      "patch": 11,
      "build": "",
      "metadata": ""
    },
    "repository": "https://github.com/guzba/crunchy"
  },
  {
    "id": "d297f5a81be2472905d367aa675dcbbca6e7a5d2",
    "info": {
      "author": "Maurizio Tomasi <ziotom78 .at. gmail.com>",
      "description": "Toml parser library for Nim",
      "license": "MIT",
      "backend": "",
      "paths": [],
      "requires": [
        [
          "nim >= 0.18.0"
        ]
      ],
      "bin": [],
      "binDir": ".",
      "srcDir": "src",
      "namedBin": {},
      "features": {}
    },
    "version": {
      "major": 0,
      "minor": 7,
      "patch": 2,
      "build": "",
      "metadata": ""
    },
    "repository": "https://github.com/NimParsers/parsetoml"
  },
  {
    "id": "4cdc426744945918917e8bc1f0577be7f9ce75dd",
    "info": {
      "author": "Matthew J. Sahagian",
      "description": "Core support library for Mininim applications",
      "license": "MIT",
      "backend": "",
      "paths": [],
      "requires": [
        [
          "nim >= 2.2.6"
        ]
      ],
      "bin": [],
      "binDir": ".",
      "srcDir": "src",
      "namedBin": {},
      "features": {}
    },
    "version": {
      "major": 0,
      "minor": 0,
      "patch": 0,
      "build": "HEAD",
      "metadata": ""
    },
    "repository": "https://codeberg.org/mininim/core"
  },
  {
    "id": "a6662e94cd50df7b88b5cae79f04fdb4e967cd36",
    "info": {
      "author": "Ryan Oldenburg",
      "description": "Multithreaded HTTP + WebSocket server",
      "license": "MIT",
      "backend": "",
      "paths": [],
      "requires": [
        [
          "nim >= 1.6.8"
        ],
        [
          "zippy >= 0.10.9"
        ],
        [
          "webby >= 0.2.1"
        ],
        [
          "crunchy >= 0.1.11"
        ]
      ],
      "bin": [],
      "binDir": ".",
      "srcDir": "src",
      "namedBin": {},
      "features": {}
    },
    "version": {
      "major": 0,
      "minor": 4,
      "patch": 7,
      "build": "",
      "metadata": ""
    },
    "repository": "https://github.com/guzba/mummy"
  },
  {
    "id": "325d6ade0970562bee7d7d53961a2c3287f0c4bc",
    "info": {
      "author": "Andre von Houck and Ryan Oldenburg",
      "description": "Common HTTP data structures and functionality",
      "license": "MIT",
      "backend": "",
      "paths": [],
      "requires": [
        [
          "nim >= 1.2.2"
        ]
      ],
      "bin": [],
      "binDir": ".",
      "srcDir": "src",
      "namedBin": {},
      "features": {}
    },
    "version": {
      "major": 0,
      "minor": 2,
      "patch": 1,
      "build": "",
      "metadata": ""
    },
    "repository": "https://github.com/treeform/webby"
  },
  {
    "id": "f8f6bd34bfa3fe12c64b919059ad856a96efcba0",
    "info": {
      "author": "Nim Contributors",
      "description": "Hash algorithms in Nim.",
      "license": "MIT",
      "backend": "",
      "paths": [],
      "requires": [
        [
          "nim >= 2.0.0"
        ]
      ],
      "bin": [],
      "binDir": ".",
      "srcDir": "src",
      "namedBin": {},
      "features": {}
    },
    "version": {
      "major": 0,
      "minor": 2,
      "patch": 1,
      "build": "",
      "metadata": ""
    },
    "repository": "https://github.com/nim-lang/checksums"
  },
  {
    "id": "5ffa3021d78e79f18482192548b8bd835002f7ab",
    "info": {
      "author": "Nim Contributors",
      "description": "Parse a HTML document in Nim.",
      "license": "MIT",
      "backend": "",
      "paths": [],
      "requires": [
        [
          "nim >= 1.6.0"
        ]
      ],
      "bin": [],
      "binDir": ".",
      "srcDir": "src",
      "namedBin": {},
      "features": {}
    },
    "version": {
      "major": 0,
      "minor": 1,
      "patch": 0,
      "build": "",
      "metadata": ""
    },
    "repository": "https://github.com/nim-lang/htmlparser"
  },
  {
    "id": "3c4ec2b34436a92a68c86917883f3cf158074d94",
    "info": {
      "author": "Matthew J. Sahagian",
      "description": "CLI support library for Mininim applications",
      "license": "MIT",
      "backend": "",
      "paths": [],
      "requires": [
        [
          "nim >= 2.2.6"
        ],
        [
          "https://codeberg.org/mininim/core"
        ]
      ],
      "bin": [],
      "binDir": ".",
      "srcDir": "src",
      "namedBin": {},
      "features": {}
    },
    "version": {
      "major": 0,
      "minor": 0,
      "patch": 0,
      "build": "HEAD",
      "metadata": ""
    },
    "repository": "https://codeberg.org/mininim/cli"
  },
  {
    "id": "3f6b2668ffb0867d0bf786a658b817763e611350",
    "info": {
      "author": "Ryan Oldenburg",
      "description": "Pleasant Nim bindings for SIMD instruction sets.",
      "license": "MIT",
      "backend": "",
      "paths": [],
      "requires": [
        [
          "nim >= 1.0.0"
        ]
      ],
      "bin": [],
      "binDir": ".",
      "srcDir": "src",
      "namedBin": {},
      "features": {}
    },
    "version": {
      "major": 1,
      "minor": 3,
      "patch": 2,
      "build": "",
      "metadata": ""
    },
    "repository": "https://github.com/guzba/nimsimd"
  },
  {
    "id": "9ab82da84edfd6483d273dfcf8a921309945861e",
    "info": {
      "author": "Ryan Oldenburg",
      "description": "Pure Nim implementation of deflate, zlib, gzip and zip.",
      "license": "MIT",
      "backend": "",
      "paths": [],
      "requires": [
        [
          "nim >= 1.0.10"
        ]
      ],
      "bin": [],
      "binDir": ".",
      "srcDir": "src",
      "namedBin": {},
      "features": {}
    },
    "version": {
      "major": 0,
      "minor": 10,
      "patch": 18,
      "build": "",
      "metadata": ""
    },
    "repository": "https://github.com/guzba/zippy"
  },
  {
    "id": "7febfd1de405c7763118380c5396eef7fdc2391a",
    "info": {
      "author": "Matthew J. Sahagian",
      "description": "Web support library for Mininim applications",
      "license": "MIT",
      "backend": "",
      "paths": [],
      "requires": [
        [
          "nim >= 2.2.6"
        ],
        [
          "checksums >= 0.2.1"
        ],
        [
          "htmlparser >= 0.1.0"
        ],
        [
          "parsetoml >= 0.7.2"
        ],
        [
          "mummy >= 0.4.5"
        ],
        [
          "mininim/core"
        ],
        [
          "mininim/cli"
        ]
      ],
      "bin": [],
      "binDir": ".",
      "srcDir": "src",
      "namedBin": {},
      "features": {}
    },
    "version": {
      "major": 0,
      "minor": 0,
      "patch": 0,
      "build": "HEAD",
      "metadata": ""
    },
    "repository": "https://codeberg.org/mininim/web"
  },
  {
    "id": "a3c6726147276ea1447dee292fd27bb036242b78",
    "info": {
      "author": "Euan Torano",
      "description": "dotenv implementation for Nim. Loads environment variables from `.env`",
      "license": "BSD-3-Clause",
      "backend": "",
      "paths": [],
      "requires": [
        [
          "nim >= 0.16.0"
        ]
      ],
      "bin": [],
      "binDir": ".",
      "srcDir": "src",
      "namedBin": {},
      "features": {}
    },
    "version": {
      "major": 2,
      "minor": 0,
      "patch": 2,
      "build": "",
      "metadata": ""
    },
    "repository": "https://github.com/euantorano/dotenv.nim"
  }
]