[
  {
    "id": "98eb6526982bb8aae8eec6e8781f4539fa19e049",
    "info": {
      "author": "Ryan Oldenburg",
      "description": "SIMD-optimized hashing, checksums and CRCs",
      "license": "MIT",
      "backend": "",
      "paths": [],
      "requires": [
        [
          "nim >= 1.4.8"
        ],
        [
          "nimsimd >= 1.2.4"
        ]
      ],
      "bin": [],
      "binDir": ".",
      "srcDir": "src",
      "namedBin": {},
      "features": {}
    },
    "version": {
      "major": 0,
      "minor": 1,
      "patch": 11,
      "build": "",
      "metadata": ""
    },
    "repository": "https://github.com/guzba/crunchy"
  },
  {
    "id": "d297f5a81be2472905d367aa675dcbbca6e7a5d2",
    "info": {
      "author": "Maurizio Tomasi <ziotom78 .at. gmail.com>",
      "description": "Toml parser library for Nim",
      "license": "MIT",
      "backend": "",
      "paths": [],
      "requires": [
        [
          "nim >= 0.18.0"
        ]
      ],
      "bin": [],
      "binDir": ".",
      "srcDir": "src",
      "namedBin": {},
      "features": {}
    },
    "version": {
      "major": 0,
      "minor": 7,
      "patch": 2,
      "build": "",
      "metadata": ""
    },
    "repository": "https://github.com/NimParsers/parsetoml"
  },
  {
    "id": "c38028a618815fa29cfc08b5fea16f8d262e5cf0",
    "info": {
      "author": "Felix Krause",
      "description": "YAML 1.2 implementation for Nim",
      "license": "MIT",
      "backend": "",
      "paths": [],
      "requires": [
        [
          "nim >= 2.0.0"
        ]
      ],
      "bin": [],
      "binDir": ".",
      "srcDir": ".",
      "namedBin": {},
      "features": {}
    },
    "version": {
      "major": 2,
      "minor": 2,
      "patch": 1,
      "build": "",
      "metadata": ""
    },
    "repository": "https://github.com/flyx/NimYAML"
  },
  {
    "id": "8fd5598b42bcb17217eb09157fe79eff2ffbc2f3",
    "info": {
      "author": "Matthew J. Sahagian",
      "description": "Core support library for Mininim applications",
      "license": "MIT",
      "backend": "",
      "paths": [],
      "requires": [
        [
          "nim >= 2.2.6"
        ]
      ],
      "bin": [],
      "binDir": ".",
      "srcDir": "src",
      "namedBin": {},
      "features": {}
    },
    "version": {
      "major": 0,
      "minor": 0,
      "patch": 0,
      "build": "HEAD",
      "metadata": ""
    },
    "repository": "https://codeberg.org/mininim/core"
  },
  {
    "id": "a6662e94cd50df7b88b5cae79f04fdb4e967cd36",
    "info": {
      "author": "Ryan Oldenburg",
      "description": "Multithreaded HTTP + WebSocket server",
      "license": "MIT",
      "backend": "",
      "paths": [],
      "requires": [
        [
          "nim >= 1.6.8"
        ],
        [
          "zippy >= 0.10.9"
        ],
        [
          "webby >= 0.2.1"
        ],
        [
          "crunchy >= 0.1.11"
        ]
      ],
      "bin": [],
      "binDir": ".",
      "srcDir": "src",
      "namedBin": {},
      "features": {}
    },
    "version": {
      "major": 0,
      "minor": 4,
      "patch": 7,
      "build": "",
      "metadata": ""
    },
    "repository": "https://github.com/guzba/mummy"
  },
  {
    "id": "5a7a7bafd1da23b25332316a7b888e6586f4177a",
    "info": {
      "author": "Ju Lin",
      "description": "A Markdown Parser in Nim World.",
      "license": "MIT",
      "backend": "",
      "paths": [],
      "requires": [
        [
          "nim >= 0.19.0"
        ]
      ],
      "bin": [
        "markdown"
      ],
      "binDir": ".",
      "srcDir": "src",
      "namedBin": {
        "markdown": "markdown"
      },
      "features": {}
    },
    "version": {
      "major": 0,
      "minor": 8,
      "patch": 8,
      "build": "",
      "metadata": ""
    },
    "repository": "https://github.com/soasme/nim-markdown"
  },
  {
    "id": "325d6ade0970562bee7d7d53961a2c3287f0c4bc",
    "info": {
      "author": "Andre von Houck and Ryan Oldenburg",
      "description": "Common HTTP data structures and functionality",
      "license": "MIT",
      "backend": "",
      "paths": [],
      "requires": [
        [
          "nim >= 1.2.2"
        ]
      ],
      "bin": [],
      "binDir": ".",
      "srcDir": "src",
      "namedBin": {},
      "features": {}
    },
    "version": {
      "major": 0,
      "minor": 2,
      "patch": 1,
      "build": "",
      "metadata": ""
    },
    "repository": "https://github.com/treeform/webby"
  },
  {
    "id": "1f7642ff05090a5ea8a1423dd8a6ffb26d851e53",
    "info": {
      "author": "George Lemon",
      "description": "A library of string validators and sanitizers.",
      "license": "MIT",
      "backend": "",
      "paths": [],
      "requires": [
        [
          "nim >= 1.6.10"
        ],
        [
          "bigints"
        ],
        [
          "blackpaper"
        ]
      ],
      "bin": [],
      "binDir": ".",
      "srcDir": "src",
      "namedBin": {},
      "features": {}
    },
    "version": {
      "major": 0,
      "minor": 0,
      "patch": 0,
      "build": "HEAD",
      "metadata": ""
    },
    "repository": "https://github.com/openpeeps/valido"
  },
  {
    "id": "46ad524ada896bc45869d63077362718ca52873b",
    "info": {
      "author": "nim-lang",
      "description": "SMTP client implementation (originally in the stdlib).",
      "license": "MIT",
      "backend": "",
      "paths": [],
      "requires": [
        [
          "nim >= 0.15.0"
        ]
      ],
      "bin": [],
      "binDir": ".",
      "srcDir": "src",
      "namedBin": {},
      "features": {}
    },
    "version": {
      "major": 0,
      "minor": 0,
      "patch": 0,
      "build": "HEAD",
      "metadata": ""
    },
    "repository": "https://github.com/nim-lang/smtp"
  },
  {
    "id": "0845c735a9746188b2257ee2cff672eb6ec26e8a",
    "info": {
      "author": "Nim Contributors",
      "description": "Hash algorithms in Nim.",
      "license": "MIT",
      "backend": "",
      "paths": [],
      "requires": [
        [
          "nim >= 2.0.0"
        ]
      ],
      "bin": [],
      "binDir": ".",
      "srcDir": "src",
      "namedBin": {},
      "features": {}
    },
    "version": {
      "major": 0,
      "minor": 2,
      "patch": 2,
      "build": "",
      "metadata": ""
    },
    "repository": "https://github.com/nim-lang/checksums"
  },
  {
    "id": "115ae9cc49390ac0647c7b4cbf07d8cf6deceb5d",
    "info": {
      "author": "Dennis Felsing; narimiran",
      "description": "Arbitrary-precision integers implemented in pure Nim",
      "license": "MIT",
      "backend": "",
      "paths": [],
      "requires": [
        [
          "nim >= 1.4.0"
        ]
      ],
      "bin": [],
      "binDir": ".",
      "srcDir": "src",
      "namedBin": {},
      "features": {}
    },
    "version": {
      "major": 0,
      "minor": 0,
      "patch": 0,
      "build": "HEAD",
      "metadata": ""
    },
    "repository": "https://github.com/nim-lang/bigints"
  },
  {
    "id": "dc75d5eae15e4cb8fa635058c468f8c5c27629b8",
    "info": {
      "author": "Licorice",
      "description": "SIMD-accelerated multithreaded fuzzy search thats fast as f*ck",
      "license": "BSD-3-Clause",
      "backend": "",
      "paths": [],
      "requires": [
        [
          "nim >= 2.0.0"
        ],
        [
          "nimsimd >= 1.3.2"
        ]
      ],
      "bin": [],
      "binDir": ".",
      "srcDir": "src",
      "namedBin": {},
      "features": {}
    },
    "version": {
      "major": 0,
      "minor": 0,
      "patch": 0,
      "build": "HEAD",
      "metadata": ""
    },
    "repository": "https://github.com/arashi-software/floof"
  },
  {
    "id": "5ffa3021d78e79f18482192548b8bd835002f7ab",
    "info": {
      "author": "Nim Contributors",
      "description": "Parse a HTML document in Nim.",
      "license": "MIT",
      "backend": "",
      "paths": [],
      "requires": [
        [
          "nim >= 1.6.0"
        ]
      ],
      "bin": [],
      "binDir": ".",
      "srcDir": "src",
      "namedBin": {},
      "features": {}
    },
    "version": {
      "major": 0,
      "minor": 1,
      "patch": 0,
      "build": "",
      "metadata": ""
    },
    "repository": "https://github.com/nim-lang/htmlparser"
  },
  {
    "id": "3c4ec2b34436a92a68c86917883f3cf158074d94",
    "info": {
      "author": "Matthew J. Sahagian",
      "description": "CLI support library for Mininim applications",
      "license": "MIT",
      "backend": "",
      "paths": [],
      "requires": [
        [
          "nim >= 2.2.6"
        ],
        [
          "https://codeberg.org/mininim/core"
        ]
      ],
      "bin": [],
      "binDir": ".",
      "srcDir": "src",
      "namedBin": {},
      "features": {}
    },
    "version": {
      "major": 0,
      "minor": 0,
      "patch": 0,
      "build": "HEAD",
      "metadata": ""
    },
    "repository": "https://codeberg.org/mininim/cli"
  },
  {
    "id": "3f6b2668ffb0867d0bf786a658b817763e611350",
    "info": {
      "author": "Ryan Oldenburg",
      "description": "Pleasant Nim bindings for SIMD instruction sets.",
      "license": "MIT",
      "backend": "",
      "paths": [],
      "requires": [
        [
          "nim >= 1.0.0"
        ]
      ],
      "bin": [],
      "binDir": ".",
      "srcDir": "src",
      "namedBin": {},
      "features": {}
    },
    "version": {
      "major": 1,
      "minor": 3,
      "patch": 2,
      "build": "",
      "metadata": ""
    },
    "repository": "https://github.com/guzba/nimsimd"
  },
  {
    "id": "64b2a875ec926da42dbfd2be4b98006d92df1bca",
    "info": {
      "author": "George Lemon",
      "description": "A simple Password Strength Estimator",
      "license": "MIT",
      "backend": "",
      "paths": [],
      "requires": [
        [
          "nim >= 2.0.0"
        ],
        [
          "floof"
        ]
      ],
      "bin": [],
      "binDir": ".",
      "srcDir": "src",
      "namedBin": {},
      "features": {}
    },
    "version": {
      "major": 0,
      "minor": 0,
      "patch": 0,
      "build": "HEAD",
      "metadata": ""
    },
    "repository": "https://github.com/openpeeps/blackpaper"
  },
  {
    "id": "bcb8c1e1be6abb0a0e35a3c6040cdd9391cc993f",
    "info": {
      "author": "Ryan Oldenburg",
      "description": "Pure Nim implementation of deflate, zlib, gzip and zip.",
      "license": "MIT",
      "backend": "",
      "paths": [],
      "requires": [
        [
          "nim >= 1.0.10"
        ]
      ],
      "bin": [],
      "binDir": ".",
      "srcDir": "src",
      "namedBin": {},
      "features": {}
    },
    "version": {
      "major": 0,
      "minor": 10,
      "patch": 19,
      "build": "",
      "metadata": ""
    },
    "repository": "https://github.com/guzba/zippy"
  },
  {
    "id": "946d1efa8cd16138ae82762f422c3dac664edcec",
    "info": {
      "author": "Matthew J. Sahagian",
      "description": "Web support library for Mininim applications",
      "license": "MIT",
      "backend": "",
      "paths": [],
      "requires": [
        [
          "nim >= 2.2.6"
        ],
        [
          "checksums >= 0.2.1"
        ],
        [
          "htmlparser >= 0.1.0"
        ],
        [
          "parsetoml >= 0.7.2"
        ],
        [
          "markdown >=0.8.0"
        ],
        [
          "mummy >= 0.4.5"
        ],
        [
          "mininim/core"
        ],
        [
          "mininim/cli"
        ],
        [
          "yaml >=2.2.1"
        ]
      ],
      "bin": [],
      "binDir": ".",
      "srcDir": "src",
      "namedBin": {},
      "features": {}
    },
    "version": {
      "major": 0,
      "minor": 0,
      "patch": 0,
      "build": "HEAD",
      "metadata": ""
    },
    "repository": "https://codeberg.org/mininim/web"
  },
  {
    "id": "a3c6726147276ea1447dee292fd27bb036242b78",
    "info": {
      "author": "Euan Torano",
      "description": "dotenv implementation for Nim. Loads environment variables from `.env`",
      "license": "BSD-3-Clause",
      "backend": "",
      "paths": [],
      "requires": [
        [
          "nim >= 0.16.0"
        ]
      ],
      "bin": [],
      "binDir": ".",
      "srcDir": "src",
      "namedBin": {},
      "features": {}
    },
    "version": {
      "major": 2,
      "minor": 0,
      "patch": 2,
      "build": "",
      "metadata": ""
    },
    "repository": "https://github.com/euantorano/dotenv.nim"
  }
]